// !$*UTF8*$!
{
	archiveVersion = 1;
	classes = {
	};
	objectVersion = 77;
	objects = {

/* Begin PBXBuildFile section */
		4E2ADBD42F3678F700261002 /* FirebaseDatabase in Frameworks */ = {isa = PBXBuildFile; productRef = 4E2ADBD32F3678F700261002 /* FirebaseDatabase */; };
		4E2ADBD62F36790100261002 /* FirebaseStorage in Frameworks */ = {isa = PBXBuildFile; productRef = 4E2ADBD52F36790100261002 /* FirebaseStorage */; };
		4E2ADBD82F36790B00261002 /* FirebaseCore in Frameworks */ = {isa = PBXBuildFile; productRef = 4E2ADBD72F36790B00261002 /* FirebaseCore */; };
		4EA9B6C52F37243E00E4A215 /* GoogleService-Info.plist in Resources */ = {isa = PBXBuildFile; fileRef = 4EA9B6C42F37243E00E4A215 /* GoogleService-Info.plist */; };
		4EBCED452F432763002A9839 /* GrandparentMemories.storekit in Resources */ = {isa = PBXBuildFile; fileRef = 4EBCED442F432763002A9839 /* GrandparentMemories.storekit */; };
/* End PBXBuildFile section */

/* Begin PBXContainerItemProxy section */
		4E2D217B2F33D4F5005194F5 /* PBXContainerItemProxy */ = {
			isa = PBXContainerItemProxy;
			containerPortal = 4E2D21652F33D4F5005194F5 /* Project object */;
			proxyType = 1;
			remoteGlobalIDString = 4E2D216C2F33D4F5005194F5;
			remoteInfo = GrandparentMemories;
		};
		4E2D21852F33D4F5005194F5 /* PBXContainerItemProxy */ = {
			isa = PBXContainerItemProxy;
			containerPortal = 4E2D21652F33D4F5005194F5 /* Project object */;
			proxyType = 1;
			remoteGlobalIDString = 4E2D216C2F33D4F5005194F5;
			remoteInfo = GrandparentMemories;
		};
/* End PBXContainerItemProxy section */

/* Begin PBXFileReference section */
		4E2D216D2F33D4F5005194F5 /* GrandparentMemories.app */ = {isa = PBXFileReference; explicitFileType = wrapper.application; includeInIndex = 0; path = GrandparentMemories.app; sourceTree = BUILT_PRODUCTS_DIR; };
		4E2D217A2F33D4F5005194F5 /* GrandparentMemoriesTests.xctest */ = {isa = PBXFileReference; explicitFileType = wrapper.cfbundle; includeInIndex = 0; path = GrandparentMemoriesTests.xctest; sourceTree = BUILT_PRODUCTS_DIR; };
		4E2D21842F33D4F5005194F5 /* GrandparentMemoriesUITests.xctest */ = {isa = PBXFileReference; explicitFileType = wrapper.cfbundle; includeInIndex = 0; path = GrandparentMemoriesUITests.xctest; sourceTree = BUILT_PRODUCTS_DIR; };
		4EA9B6C42F37243E00E4A215 /* GoogleService-Info.plist */ = {isa = PBXFileReference; lastKnownFileType = text.plist.xml; path = "GoogleService-Info.plist"; sourceTree = "<group>"; };
		4EBCED442F432763002A9839 /* GrandparentMemories.storekit */ = {isa = PBXFileReference; lastKnownFileType = text; path = GrandparentMemories.storekit; sourceTree = "<group>"; };
/* End PBXFileReference section */

/* Begin PBXFileSystemSynchronizedBuildFileExceptionSet section */
		4E654CCF2F3B40EF000A016A /* Exceptions for "GrandparentMemories" folder in "GrandparentMemories" target */ = {
			isa = PBXFileSystemSynchronizedBuildFileExceptionSet;
			membershipExceptions = (
				Info.plist,
			);
			target = 4E2D216C2F33D4F5005194F5 /* GrandparentMemories */;
		};
/* End PBXFileSystemSynchronizedBuildFileExceptionSet section */

/* Begin PBXFileSystemSynchronizedRootGroup section */
		4E2D216F2F33D4F5005194F5 /* GrandparentMemories */ = {
			isa = PBXFileSystemSynchronizedRootGroup;
			exceptions = (
				4E654CCF2F3B40EF000A016A /* Exceptions for "GrandparentMemories" folder in "GrandparentMemories" target */,
			);
			path = GrandparentMemories;
			sourceTree = "<group>";
		};
/* End PBXFileSystemSynchronizedRootGroup section */

/* Begin PBXFrameworksBuildPhase section */
		4E2D216A2F33D4F5005194F5 /* Frameworks */ = {
			isa = PBXFrameworksBuildPhase;
			buildActionMask = 2147483647;
			files = (
				4E2ADBD42F3678F700261002 /* FirebaseDatabase in Frameworks */,
				4E2ADBD82F36790B00261002 /* FirebaseCore in Frameworks */,
				4E2ADBD62F36790100261002 /* FirebaseStorage in Frameworks */,
			);
			runOnlyForDeploymentPostprocessing = 0;
		};
		4E2D21772F33D4F5005194F5 /* Frameworks */ = {
			isa = PBXFrameworksBuildPhase;
			buildActionMask = 2147483647;
			files = (
			);
			runOnlyForDeploymentPostprocessing = 0;
		};
		4E2D21812F33D4F5005194F5 /* Frameworks */ = {
			isa = PBXFrameworksBuildPhase;
			buildActionMask = 2147483647;
			files = (
			);
			runOnlyForDeploymentPostprocessing = 0;
		};
/* End PBXFrameworksBuildPhase section */

/* Begin PBXGroup section */
		4E2ADBD22F3678F700261002 /* Frameworks */ = {
			isa = PBXGroup;
			children = (
			);
			name = Frameworks;
			sourceTree = "<group>";
		};
		4E2D21642F33D4F5005194F5 = {
			isa = PBXGroup;
			children = (
				4EBCED442F432763002A9839 /* GrandparentMemories.storekit */,
				4E2D216F2F33D4F5005194F5 /* GrandparentMemories */,
				4E2ADBD22F3678F700261002 /* Frameworks */,
				4E2D216E2F33D4F5005194F5 /* Products */,
				4EA9B6C42F37243E00E4A215 /* GoogleService-Info.plist */,
			);
			sourceTree = "<group>";
		};
		4E2D216E2F33D4F5005194F5 /* Products */ = {
			isa = PBXGroup;
			children = (
				4E2D216D2F33D4F5005194F5 /* GrandparentMemories.app */,
				4E2D217A2F33D4F5005194F5 /* GrandparentMemoriesTests.xctest */,
				4E2D21842F33D4F5005194F5 /* GrandparentMemoriesUITests.xctest */,
			);
			name = Products;
			sourceTree = "<group>";
		};
/* End PBXGroup section */

/* Begin PBXNativeTarget section */
		4E2D216C2F33D4F5005194F5 /* GrandparentMemories */ = {
			isa = PBXNativeTarget;
			buildConfigurationList = 4E2D218E2F33D4F5005194F5 /* Build configuration list for PBXNativeTarget "GrandparentMemories" */;
			buildPhases = (
				4E2D21692F33D4F5005194F5 /* Sources */,
				4E2D216A2F33D4F5005194F5 /* Frameworks */,
				4E2D216B2F33D4F5005194F5 /* Resources */,
			);
			buildRules = (
			);
			dependencies = (
			);
			fileSystemSynchronizedGroups = (
				4E2D216F2F33D4F5005194F5 /* GrandparentMemories */,
			);
			name = GrandparentMemories;
			packageProductDependencies = (
				4E2ADBD32F3678F700261002 /* FirebaseDatabase */,
				4E2ADBD52F36790100261002 /* FirebaseStorage */,
				4E2ADBD72F36790B00261002 /* FirebaseCore */,
			);
			productName = GrandparentMemories;
			productReference = 4E2D216D2F33D4F5005194F5 /* GrandparentMemories.app */;
			productType = "com.apple.product-type.application";
		};
		4E2D21792F33D4F5005194F5 /* GrandparentMemoriesTests */ = {
			isa = PBXNativeTarget;
			buildConfigurationList = 4E2D21912F33D4F5005194F5 /* Build configuration list for PBXNativeTarget "GrandparentMemoriesTests" */;
			buildPhases = (
				4E2D21762F33D4F5005194F5 /* Sources */,
				4E2D21772F33D4F5005194F5 /* Frameworks */,
				4E2D21782F33D4F5005194F5 /* Resources */,
			);
			buildRules = (
			);
			dependencies = (
				4E2D217C2F33D4F5005194F5 /* PBXTargetDependency */,
			);
			name = GrandparentMemoriesTests;
			packageProductDependencies = (
			);
			productName = GrandparentMemoriesTests;
			productReference = 4E2D217A2F33D4F5005194F5 /* GrandparentMemoriesTests.xctest */;
			productType = "com.apple.product-type.bundle.unit-test";
		};
		4E2D21832F33D4F5005194F5 /* GrandparentMemoriesUITests */ = {
			isa = PBXNativeTarget;
			buildConfigurationList = 4E2D21942F33D4F5005194F5 /* Build configuration list for PBXNativeTarget "GrandparentMemoriesUITests" */;
			buildPhases = (
				4E2D21802F33D4F5005194F5 /* Sources */,
				4E2D21812F33D4F5005194F5 /* Frameworks */,
				4E2D21822F33D4F5005194F5 /* Resources */,
			);
			buildRules = (
			);
			dependencies = (
				4E2D21862F33D4F5005194F5 /* PBXTargetDependency */,
			);
			name = GrandparentMemoriesUITests;
			packageProductDependencies = (
			);
			productName = GrandparentMemoriesUITests;
			productReference = 4E2D21842F33D4F5005194F5 /* GrandparentMemoriesUITests.xctest */;
			productType = "com.apple.product-type.bundle.ui-testing";
		};
/* End PBXNativeTarget section */

/* Begin PBXProject section */
		4E2D21652F33D4F5005194F5 /* Project object */ = {
			isa = PBXProject;
			attributes = {
				BuildIndependentTargetsInParallel = 1;
				LastSwiftUpdateCheck = 2630;
				LastUpgradeCheck = 2630;
				TargetAttributes = {
					4E2D216C2F33D4F5005194F5 = {
						CreatedOnToolsVersion = 26.3;
					};
					4E2D21792F33D4F5005194F5 = {
						CreatedOnToolsVersion = 26.3;
						TestTargetID = 4E2D216C2F33D4F5005194F5;
					};
					4E2D21832F33D4F5005194F5 = {
						CreatedOnToolsVersion = 26.3;
						TestTargetID = 4E2D216C2F33D4F5005194F5;
					};
				};
			};
			buildConfigurationList = 4E2D21682F33D4F5005194F5 /* Build configuration list for PBXProject "GrandparentMemories" */;
			developmentRegion = en;
			hasScannedForEncodings = 0;
			knownRegions = (
				en,
				Base,
			);
			mainGroup = 4E2D21642F33D4F5005194F5;
			minimizedProjectReferenceProxies = 1;
			packageReferences = (
				4E2ADBD12F36784800261002 /* XCRemoteSwiftPackageReference "firebase-ios-sdk" */,
			);
			preferredProjectObjectVersion = 77;
			productRefGroup = 4E2D216E2F33D4F5005194F5 /* Products */;
			projectDirPath = "";
			projectRoot = "";
			targets = (
				4E2D216C2F33D4F5005194F5 /* GrandparentMemories */,
				4E2D21792F33D4F5005194F5 /* GrandparentMemoriesTests */,
				4E2D21832F33D4F5005194F5 /* GrandparentMemoriesUITests */,
			);
		};
/* End PBXProject section */

/* Begin PBXResourcesBuildPhase section */
		4E2D216B2F33D4F5005194F5 /* Resources */ = {
			isa = PBXResourcesBuildPhase;
			buildActionMask = 2147483647;
			files = (
				4EBCED452F432763002A9839 /* GrandparentMemories.storekit in Resources */,
				4EA9B6C52F37243E00E4A215 /* GoogleService-Info.plist in Resources */,
			);
			runOnlyForDeploymentPostprocessing = 0;
		};
		4E2D21782F33D4F5005194F5 /* Resources */ = {
			isa = PBXResourcesBuildPhase;
			buildActionMask = 2147483647;
			files = (
			);
			runOnlyForDeploymentPostprocessing = 0;
		};
		4E2D21822F33D4F5005194F5 /* Resources */ = {
			isa = PBXResourcesBuildPhase;
			buildActionMask = 2147483647;
			files = (
			);
			runOnlyForDeploymentPostprocessing = 0;
		};
/* End PBXResourcesBuildPhase section */

/* Begin PBXSourcesBuildPhase section */
		4E2D21692F33D4F5005194F5 /* Sources */ = {
			isa = PBXSourcesBuildPhase;
			buildActionMask = 2147483647;
			files = (
			);
			runOnlyForDeploymentPostprocessing = 0;
		};
		4E2D21762F33D4F5005194F5 /* Sources */ = {
			isa = PBXSourcesBuildPhase;
			buildActionMask = 2147483647;
			files = (
			);
			runOnlyForDeploymentPostprocessing = 0;
		};
		4E2D21802F33D4F5005194F5 /* Sources */ = {
			isa = PBXSourcesBuildPhase;
			buildActionMask = 2147483647;
			files = (
			);
			runOnlyForDeploymentPostprocessing = 0;
		};
/* End PBXSourcesBuildPhase section */

/* Begin PBXTargetDependency section */
		4E2D217C2F33D4F5005194F5 /* PBXTargetDependency */ = {
			isa = PBXTargetDependency;
			target = 4E2D216C2F33D4F5005194F5 /* GrandparentMemories */;
			targetProxy = 4E2D217B2F33D4F5005194F5 /* PBXContainerItemProxy */;
		};
		4E2D21862F33D4F5005194F5 /* PBXTargetDependency */ = {
			isa = PBXTargetDependency;
			target = 4E2D216C2F33D4F5005194F5 /* GrandparentMemories */;
			targetProxy = 4E2D21852F33D4F5005194F5 /* PBXContainerItemProxy */;
		};
/* End PBXTargetDependency section */

/* Begin XCBuildConfiguration section */
		4E2D218C2F33D4F5005194F5 /* Debug */ = {
			isa = XCBuildConfiguration;
			buildSettings = {
				ALWAYS_SEARCH_USER_PATHS = NO;
				ASSETCATALOG_COMPILER_GENERATE_SWIFT_ASSET_SYMBOL_EXTENSIONS = YES;
				CLANG_ANALYZER_NONNULL = YES;
				CLANG_ANALYZER_NUMBER_OBJECT_CONVERSION = YES_AGGRESSIVE;
				CLANG_CXX_LANGUAGE_STANDARD = "gnu++20";
				CLANG_ENABLE_MODULES = YES;
				CLANG_ENABLE_OBJC_ARC = YES;
				CLANG_ENABLE_OBJC_WEAK = YES;
				CLANG_WARN_BLOCK_CAPTURE_AUTORELEASING = YES;
				CLANG_WARN_BOOL_CONVERSION = YES;
				CLANG_WARN_COMMA = YES;
				CLANG_WARN_CONSTANT_CONVERSION = YES;
				CLANG_WARN_DEPRECATED_OBJC_IMPLEMENTATIONS = YES;
				CLANG_WARN_DIRECT_OBJC_ISA_USAGE = YES_ERROR;
				CLANG_WARN_DOCUMENTATION_COMMENTS = YES;
				CLANG_WARN_EMPTY_BODY = YES;
				CLANG_WARN_ENUM_CONVERSION = YES;
				CLANG_WARN_INFINITE_RECURSION = YES;
				CLANG_WARN_INT_CONVERSION = YES;
				CLANG_WARN_NON_LITERAL_NULL_CONVERSION = YES;
				CLANG_WARN_OBJC_IMPLICIT_RETAIN_SELF = YES;
				CLANG_WARN_OBJC_LITERAL_CONVERSION = YES;
				CLANG_WARN_OBJC_ROOT_CLASS = YES_ERROR;
				CLANG_WARN_QUOTED_INCLUDE_IN_FRAMEWORK_HEADER = YES;
				CLANG_WARN_RANGE_LOOP_ANALYSIS = YES;
				CLANG_WARN_STRICT_PROTOTYPES = YES;
				CLANG_WARN_SUSPICIOUS_MOVE = YES;
				CLANG_WARN_UNGUARDED_AVAILABILITY = YES_AGGRESSIVE;
				CLANG_WARN_UNREACHABLE_CODE = YES;
				CLANG_WARN__DUPLICATE_METHOD_MATCH = YES;
				COPY_PHASE_STRIP = NO;
				DEBUG_INFORMATION_FORMAT = dwarf;
				DEVELOPMENT_TEAM = 9G3UZV2UFC;
				ENABLE_STRICT_OBJC_MSGSEND = YES;
				ENABLE_TESTABILITY = YES;
				ENABLE_USER_SCRIPT_SANDBOXING = YES;
				GCC_C_LANGUAGE_STANDARD = gnu17;
				GCC_DYNAMIC_NO_PIC = NO;
				GCC_NO_COMMON_BLOCKS = YES;
				GCC_OPTIMIZATION_LEVEL = 0;
				GCC_PREPROCESSOR_DEFINITIONS = (
					"DEBUG=1",
					"$(inherited)",
				);
				GCC_WARN_64_TO_32_BIT_CONVERSION = YES;
				GCC_WARN_ABOUT_RETURN_TYPE = YES_ERROR;
				GCC_WARN_UNDECLARED_SELECTOR = YES;
				GCC_WARN_UNINITIALIZED_AUTOS = YES_AGGRESSIVE;
				GCC_WARN_UNUSED_FUNCTION = YES;
				GCC_WARN_UNUSED_VARIABLE = YES;
				IPHONEOS_DEPLOYMENT_TARGET = 26.2;
				LOCALIZATION_PREFERS_STRING_CATALOGS = YES;
				MTL_ENABLE_DEBUG_INFO = INCLUDE_SOURCE;
				MTL_FAST_MATH = YES;
				ONLY_ACTIVE_ARCH = YES;
				SDKROOT = iphoneos;
				SWIFT_ACTIVE_COMPILATION_CONDITIONS = "DEBUG $(inherited)";
				SWIFT_OPTIMIZATION_LEVEL = "-Onone";
			};
			name = Debug;
		};
		4E2D218D2F33D4F5005194F5 /* Release */ = {
			isa = XCBuildConfiguration;
			buildSettings = {
				ALWAYS_SEARCH_USER_PATHS = NO;
				ASSETCATALOG_COMPILER_GENERATE_SWIFT_ASSET_SYMBOL_EXTENSIONS = YES;
				CLANG_ANALYZER_NONNULL = YES;
				CLANG_ANALYZER_NUMBER_OBJECT_CONVERSION = YES_AGGRESSIVE;
				CLANG_CXX_LANGUAGE_STANDARD = "gnu++20";
				CLANG_ENABLE_MODULES = YES;
				CLANG_ENABLE_OBJC_ARC = YES;
				CLANG_ENABLE_OBJC_WEAK = YES;
				CLANG_WARN_BLOCK_CAPTURE_AUTORELEASING = YES;
				CLANG_WARN_BOOL_CONVERSION = YES;
				CLANG_WARN_COMMA = YES;
				CLANG_WARN_CONSTANT_CONVERSION = YES;
				CLANG_WARN_DEPRECATED_OBJC_IMPLEMENTATIONS = YES;
				CLANG_WARN_DIRECT_OBJC_ISA_USAGE = YES_ERROR;
				CLANG_WARN_DOCUMENTATION_COMMENTS = YES;
				CLANG_WARN_EMPTY_BODY = YES;
				CLANG_WARN_ENUM_CONVERSION = YES;
				CLANG_WARN_INFINITE_RECURSION = YES;
				CLANG_WARN_INT_CONVERSION = YES;
				CLANG_WARN_NON_LITERAL_NULL_CONVERSION = YES;
				CLANG_WARN_OBJC_IMPLICIT_RETAIN_SELF = YES;
				CLANG_WARN_OBJC_LITERAL_CONVERSION = YES;
				CLANG_WARN_OBJC_ROOT_CLASS = YES_ERROR;
				CLANG_WARN_QUOTED_INCLUDE_IN_FRAMEWORK_HEADER = YES;
				CLANG_WARN_RANGE_LOOP_ANALYSIS = YES;
				CLANG_WARN_STRICT_PROTOTYPES = YES;
				CLANG_WARN_SUSPICIOUS_MOVE = YES;
				CLANG_WARN_UNGUARDED_AVAILABILITY = YES_AGGRESSIVE;
				CLANG_WARN_UNREACHABLE_CODE = YES;
				CLANG_WARN__DUPLICATE_METHOD_MATCH = YES;
				COPY_PHASE_STRIP = NO;
				DEBUG_INFORMATION_FORMAT = "dwarf-with-dsym";
				DEVELOPMENT_TEAM = 9G3UZV2UFC;
				ENABLE_NS_ASSERTIONS = NO;
				ENABLE_STRICT_OBJC_MSGSEND = YES;
				ENABLE_USER_SCRIPT_SANDBOXING = YES;
				GCC_C_LANGUAGE_STANDARD = gnu17;
				GCC_NO_COMMON_BLOCKS = YES;
				GCC_WARN_64_TO_32_BIT_CONVERSION = YES;
				GCC_WARN_ABOUT_RETURN_TYPE = YES_ERROR;
				GCC_WARN_UNDECLARED_SELECTOR = YES;
				GCC_WARN_UNINITIALIZED_AUTOS = YES_AGGRESSIVE;
				GCC_WARN_UNUSED_FUNCTION = YES;
				GCC_WARN_UNUSED_VARIABLE = YES;
				IPHONEOS_DEPLOYMENT_TARGET = 26.2;
				LOCALIZATION_PREFERS_STRING_CATALOGS = YES;
				MTL_ENABLE_DEBUG_INFO = NO;
				MTL_FAST_MATH = YES;
				SDKROOT = iphoneos;
				SWIFT_COMPILATION_MODE = wholemodule;
				VALIDATE_PRODUCT = YES;
			};
			name = Release;
		};
		4E2D218F2F33D4F5005194F5 /* Debug */ = {
			isa = XCBuildConfiguration;
			buildSettings = {
				ASSETCATALOG_COMPILER_APPICON_NAME = AppIcon;
				ASSETCATALOG_COMPILER_GLOBAL_ACCENT_COLOR_NAME = AccentColor;
				CODE_SIGN_ENTITLEMENTS = GrandparentMemories/GrandparentMemories.entitlements;
				CODE_SIGN_STYLE = Automatic;
				CURRENT_PROJECT_VERSION = 1;
				DEVELOPMENT_TEAM = 9G3UZV2UFC;
				ENABLE_PREVIEWS = YES;
				GENERATE_INFOPLIST_FILE = YES;
				INFOPLIST_FILE = GrandparentMemories/Info.plist;
				INFOPLIST_KEY_CFBundleDisplayName = "";
				INFOPLIST_KEY_LSApplicationCategoryType = "";
				INFOPLIST_KEY_NSCameraUsageDescription = "Grand​More needs access to your camera to record video messages for your grandchild.";
				INFOPLIST_KEY_NSMicrophoneUsageDescription = "GrandMore needs access to your microphone to record voice memories for your grandchild.";
				INFOPLIST_KEY_UIApplicationSceneManifest_Generation = YES;
				INFOPLIST_KEY_UIApplicationSupportsIndirectInputEvents = YES;
				INFOPLIST_KEY_UILaunchScreen_Generation = YES;
				INFOPLIST_KEY_UISupportedInterfaceOrientations_iPad = "UIInterfaceOrientationPortrait UIInterfaceOrientationPortraitUpsideDown UIInterfaceOrientationLandscapeLeft UIInterfaceOrientationLandscapeRight";
				INFOPLIST_KEY_UISupportedInterfaceOrientations_iPhone = "UIInterfaceOrientationPortrait UIInterfaceOrientationLandscapeLeft UIInterfaceOrientationLandscapeRight";
				LD_RUNPATH_SEARCH_PATHS = (
					"$(inherited)",
					"@executable_path/Frameworks",
				);
				MARKETING_VERSION = 1.0;
				PRODUCT_BUNDLE_IDENTIFIER = Sofanauts.GrandparentMemories;
				PRODUCT_NAME = "$(TARGET_NAME)";
				STRING_CATALOG_GENERATE_SYMBOLS = YES;
				SWIFT_APPROACHABLE_CONCURRENCY = YES;
				SWIFT_DEFAULT_ACTOR_ISOLATION = MainActor;
				SWIFT_EMIT_LOC_STRINGS = YES;
				SWIFT_UPCOMING_FEATURE_MEMBER_IMPORT_VISIBILITY = YES;
				SWIFT_VERSION = 5.0;
				TARGETED_DEVICE_FAMILY = "1,2";
			};
			name = Debug;
		};
		4E2D21902F33D4F5005194F5 /* Release */ = {
			isa = XCBuildConfiguration;
			buildSettings = {
				ASSETCATALOG_COMPILER_APPICON_NAME = AppIcon;
				ASSETCATALOG_COMPILER_GLOBAL_ACCENT_COLOR_NAME = AccentColor;
				CODE_SIGN_ENTITLEMENTS = GrandparentMemories/GrandparentMemories.entitlements;
				CODE_SIGN_STYLE = Automatic;
				CURRENT_PROJECT_VERSION = 1;
				DEVELOPMENT_TEAM = 9G3UZV2UFC;
				ENABLE_PREVIEWS = YES;
				GENERATE_INFOPLIST_FILE = YES;
				INFOPLIST_FILE = GrandparentMemories/Info.plist;
				INFOPLIST_KEY_CFBundleDisplayName = "";
				INFOPLIST_KEY_LSApplicationCategoryType = "";
				INFOPLIST_KEY_NSCameraUsageDescription = "Grand​More needs access to your camera to record video messages for your grandchild.";
				INFOPLIST_KEY_NSMicrophoneUsageDescription = "GrandMore needs access to your microphone to record voice memories for your grandchild.";
				INFOPLIST_KEY_UIApplicationSceneManifest_Generation = YES;
				INFOPLIST_KEY_UIApplicationSupportsIndirectInputEvents = YES;
				INFOPLIST_KEY_UILaunchScreen_Generation = YES;
				INFOPLIST_KEY_UISupportedInterfaceOrientations_iPad = "UIInterfaceOrientationPortrait UIInterfaceOrientationPortraitUpsideDown UIInterfaceOrientationLandscapeLeft UIInterfaceOrientationLandscapeRight";
				INFOPLIST_KEY_UISupportedInterfaceOrientations_iPhone = "UIInterfaceOrientationPortrait UIInterfaceOrientationLandscapeLeft UIInterfaceOrientationLandscapeRight";
				LD_RUNPATH_SEARCH_PATHS = (
					"$(inherited)",
					"@executable_path/Frameworks",
				);
				MARKETING_VERSION = 1.0;
				PRODUCT_BUNDLE_IDENTIFIER = Sofanauts.GrandparentMemories;
				PRODUCT_NAME = "$(TARGET_NAME)";
				STRING_CATALOG_GENERATE_SYMBOLS = YES;
				SWIFT_APPROACHABLE_CONCURRENCY = YES;
				SWIFT_DEFAULT_ACTOR_ISOLATION = MainActor;
				SWIFT_EMIT_LOC_STRINGS = YES;
				SWIFT_UPCOMING_FEATURE_MEMBER_IMPORT_VISIBILITY = YES;
				SWIFT_VERSION = 5.0;
				TARGETED_DEVICE_FAMILY = "1,2";
			};
			name = Release;
		};
		4E2D21922F33D4F5005194F5 /* Debug */ = {
			isa = XCBuildConfiguration;
			buildSettings = {
				BUNDLE_LOADER = "$(TEST_HOST)";
				CODE_SIGN_STYLE = Automatic;
				CURRENT_PROJECT_VERSION = 1;
				DEVELOPMENT_TEAM = 9G3UZV2UFC;
				GENERATE_INFOPLIST_FILE = YES;
				IPHONEOS_DEPLOYMENT_TARGET = 26.2;
				MARKETING_VERSION = 1.0;
				PRODUCT_BUNDLE_IDENTIFIER = Sofanauts.GrandparentMemoriesTests;
				PRODUCT_NAME = "$(TARGET_NAME)";
				STRING_CATALOG_GENERATE_SYMBOLS = NO;
				SWIFT_APPROACHABLE_CONCURRENCY = YES;
				SWIFT_EMIT_LOC_STRINGS = NO;
				SWIFT_UPCOMING_FEATURE_MEMBER_IMPORT_VISIBILITY = YES;
				SWIFT_VERSION = 5.0;
				TARGETED_DEVICE_FAMILY = "1,2";
				TEST_HOST = "$(BUILT_PRODUCTS_DIR)/GrandparentMemories.app/$(BUNDLE_EXECUTABLE_FOLDER_PATH)/GrandparentMemories";
			};
			name = Debug;
		};
		4E2D21932F33D4F5005194F5 /* Release */ = {
			isa = XCBuildConfiguration;
			buildSettings = {
				BUNDLE_LOADER = "$(TEST_HOST)";
				CODE_SIGN_STYLE = Automatic;
				CURRENT_PROJECT_VERSION = 1;
				DEVELOPMENT_TEAM = 9G3UZV2UFC;
				GENERATE_INFOPLIST_FILE = YES;
				IPHONEOS_DEPLOYMENT_TARGET = 26.2;
				MARKETING_VERSION = 1.0;
				PRODUCT_BUNDLE_IDENTIFIER = Sofanauts.GrandparentMemoriesTests;
				PRODUCT_NAME = "$(TARGET_NAME)";
				STRING_CATALOG_GENERATE_SYMBOLS = NO;
				SWIFT_APPROACHABLE_CONCURRENCY = YES;
				SWIFT_EMIT_LOC_STRINGS = NO;
				SWIFT_UPCOMING_FEATURE_MEMBER_IMPORT_VISIBILITY = YES;
				SWIFT_VERSION = 5.0;
				TARGETED_DEVICE_FAMILY = "1,2";
				TEST_HOST = "$(BUILT_PRODUCTS_DIR)/GrandparentMemories.app/$(BUNDLE_EXECUTABLE_FOLDER_PATH)/GrandparentMemories";
			};
			name = Release;
		};
		4E2D21952F33D4F5005194F5 /* Debug */ = {
			isa = XCBuildConfiguration;
			buildSettings = {
				CODE_SIGN_STYLE = Automatic;
				CURRENT_PROJECT_VERSION = 1;
				DEVELOPMENT_TEAM = 9G3UZV2UFC;
				GENERATE_INFOPLIST_FILE = YES;
				MARKETING_VERSION = 1.0;
				PRODUCT_BUNDLE_IDENTIFIER = Sofanauts.GrandparentMemoriesUITests;
				PRODUCT_NAME = "$(TARGET_NAME)";
				STRING_CATALOG_GENERATE_SYMBOLS = NO;
				SWIFT_APPROACHABLE_CONCURRENCY = YES;
				SWIFT_EMIT_LOC_STRINGS = NO;
				SWIFT_UPCOMING_FEATURE_MEMBER_IMPORT_VISIBILITY = YES;
				SWIFT_VERSION = 5.0;
				TARGETED_DEVICE_FAMILY = "1,2";
				TEST_TARGET_NAME = GrandparentMemories;
			};
			name = Debug;
		};
		4E2D21962F33D4F5005194F5 /* Release */ = {
			isa = XCBuildConfiguration;
			buildSettings = {
				CODE_SIGN_STYLE = Automatic;
				CURRENT_PROJECT_VERSION = 1;
				DEVELOPMENT_TEAM = 9G3UZV2UFC;
				GENERATE_INFOPLIST_FILE = YES;
				MARKETING_VERSION = 1.0;
				PRODUCT_BUNDLE_IDENTIFIER = Sofanauts.GrandparentMemoriesUITests;
				PRODUCT_NAME = "$(TARGET_NAME)";
				STRING_CATALOG_GENERATE_SYMBOLS = NO;
				SWIFT_APPROACHABLE_CONCURRENCY = YES;
				SWIFT_EMIT_LOC_STRINGS = NO;
				SWIFT_UPCOMING_FEATURE_MEMBER_IMPORT_VISIBILITY = YES;
				SWIFT_VERSION = 5.0;
				TARGETED_DEVICE_FAMILY = "1,2";
				TEST_TARGET_NAME = GrandparentMemories;
			};
			name = Release;
		};
/* End XCBuildConfiguration section */

/* Begin XCConfigurationList section */
		4E2D21682F33D4F5005194F5 /* Build configuration list for PBXProject "GrandparentMemories" */ = {
			isa = XCConfigurationList;
			buildConfigurations = (
				4E2D218C2F33D4F5005194F5 /* Debug */,
				4E2D218D2F33D4F5005194F5 /* Release */,
			);
			defaultConfigurationIsVisible = 0;
			defaultConfigurationName = Release;
		};
		4E2D218E2F33D4F5005194F5 /* Build configuration list for PBXNativeTarget "GrandparentMemories" */ = {
			isa = XCConfigurationList;
			buildConfigurations = (
				4E2D218F2F33D4F5005194F5 /* Debug */,
				4E2D21902F33D4F5005194F5 /* Release */,
			);
			defaultConfigurationIsVisible = 0;
			defaultConfigurationName = Release;
		};
		4E2D21912F33D4F5005194F5 /* Build configuration list for PBXNativeTarget "GrandparentMemoriesTests" */ = {
			isa = XCConfigurationList;
			buildConfigurations = (
				4E2D21922F33D4F5005194F5 /* Debug */,
				4E2D21932F33D4F5005194F5 /* Release */,
			);
			defaultConfigurationIsVisible = 0;
			defaultConfigurationName = Release;
		};
		4E2D21942F33D4F5005194F5 /* Build configuration list for PBXNativeTarget "GrandparentMemoriesUITests" */ = {
			isa = XCConfigurationList;
			buildConfigurations = (
				4E2D21952F33D4F5005194F5 /* Debug */,
				4E2D21962F33D4F5005194F5 /* Release */,
			);
			defaultConfigurationIsVisible = 0;
			defaultConfigurationName = Release;
		};
/* End XCConfigurationList section */

/* Begin XCRemoteSwiftPackageReference section */
		4E2ADBD12F36784800261002 /* XCRemoteSwiftPackageReference "firebase-ios-sdk" */ = {
			isa = XCRemoteSwiftPackageReference;
			repositoryURL = "https://github.com/firebase/firebase-ios-sdk.git";
			requirement = {
				kind = upToNextMajorVersion;
				minimumVersion = 12.9.0;
			};
		};
/* End XCRemoteSwiftPackageReference section */

/* Begin XCSwiftPackageProductDependency section */
		4E2ADBD32F3678F700261002 /* FirebaseDatabase */ = {
			isa = XCSwiftPackageProductDependency;
			package = 4E2ADBD12F36784800261002 /* XCRemoteSwiftPackageReference "firebase-ios-sdk" */;
			productName = FirebaseDatabase;
		};
		4E2ADBD52F36790100261002 /* FirebaseStorage */ = {
			isa = XCSwiftPackageProductDependency;
			package = 4E2ADBD12F36784800261002 /* XCRemoteSwiftPackageReference "firebase-ios-sdk" */;
			productName = FirebaseStorage;
		};
		4E2ADBD72F36790B00261002 /* FirebaseCore */ = {
			isa = XCSwiftPackageProductDependency;
			package = 4E2ADBD12F36784800261002 /* XCRemoteSwiftPackageReference "firebase-ios-sdk" */;
			productName = FirebaseCore;
		};
/* End XCSwiftPackageProductDependency section */
	};
	rootObject = 4E2D21652F33D4F5005194F5 /* Project object */;
}
